
Microsoft Visual Studio Solution File, Format Version 12.00
# Visual Studio Version 17
VisualStudioVersion = 17.12.35527.113
MinimumVisualStudioVersion = 10.0.40219.1
Project("{FAE04EC0-301F-11D3-BF4B-00C04F79EFBC}") = "ConsoleClient", "ConsoleClient\ConsoleClient.csproj", "{0BDEE55A-1F19-4BAB-806E-FF55248D4083}"
EndProject
Project("{2150E333-8FDC-42A3-9474-1A3956D46DE8}") = "Solution Items", "Solution Items", "{033FFF82-72B3-4D5C-B758-C1815B0AA0B6}"
	ProjectSection(SolutionItems) = preProject
		Zollner_Rules.ndrules = Zollner_Rules.ndrules
		Zollner_WSAug25.ndproj = Zollner_WSAug25.ndproj
	EndProjectSection
EndProject
Project("{2150E333-8FDC-42A3-9474-1A3956D46DE8}") = "UI", "UI", "{B26233FF-E6BD-45B4-ACF5-A7AAD776FE0E}"
EndProject
Project("{2150E333-8FDC-42A3-9474-1A3956D46DE8}") = "Logic", "Logic", "{55D2F8ED-6A21-4C18-8B1C-F1E758A4D1F3}"
EndProject
Project("{2150E333-8FDC-42A3-9474-1A3956D46DE8}") = "Data", "Data", "{9A5E4B25-99C6-4A2B-97BD-0F9A60A79F7E}"
EndProject
Project("{2150E333-8FDC-42A3-9474-1A3956D46DE8}") = "CrossCutting", "CrossCutting", "{6C3B0F7A-8482-4232-B489-1D955AE4C7BE}"
EndProject
Project("{FAE04EC0-301F-11D3-BF4B-00C04F79EFBC}") = "DataClasses", "DataClasses\DataClasses.csproj", "{8F04467D-8A9E-4B14-A7DE-471A5700B47D}"
EndProject
Project("{FAE04EC0-301F-11D3-BF4B-00C04F79EFBC}") = "FileStoring", "FileStoring\FileStoring.csproj", "{753B756B-E99C-4136-8EA9-1B7BB11133C0}"
EndProject
Project("{FAE04EC0-301F-11D3-BF4B-00C04F79EFBC}") = "DataStoring", "DataStoring\DataStoring.csproj", "{4A7FC348-AB6E-47AE-B585-59B2729E7BB3}"
EndProject
Project("{FAE04EC0-301F-11D3-BF4B-00C04F79EFBC}") = "PersonManagement", "PersonManagement\PersonManagement.csproj", "{4B65211D-B307-4403-BBB2-874C266EFEE9}"
EndProject
Project("{2150E333-8FDC-42A3-9474-1A3956D46DE8}") = "Înfrastructure", "Înfrastructure", "{18AEED48-D7FC-4A59-9CB6-77CAA6E51360}"
EndProject
Project("{FAE04EC0-301F-11D3-BF4B-00C04F79EFBC}") = "Mappings", "Mappings\Mappings.csproj", "{4AF83656-7B82-4AF6-9276-7E795C923E5A}"
EndProject
Project("{FAE04EC0-301F-11D3-BF4B-00C04F79EFBC}") = "ServiceClient", "ServiceClient\ServiceClient.csproj", "{E9EAD53A-2537-46BC-8192-403E2101DA62}"
EndProject
Project("{FAE04EC0-301F-11D3-BF4B-00C04F79EFBC}") = "DataStoring.Contracts", "DataStoring.Contracts\DataStoring.Contracts.csproj", "{EDFC7943-E3D0-4F43-845E-4913BEC1A65A}"
EndProject
Project("{FAE04EC0-301F-11D3-BF4B-00C04F79EFBC}") = "FileStoring.Contracts", "FileStoring.Contracts\FileStoring.Contracts.csproj", "{03F06791-5A9E-4971-B05F-A27212C22DBB}"
EndProject
Project("{FAE04EC0-301F-11D3-BF4B-00C04F79EFBC}") = "PersonManagement.Contracts", "PersonManagement.Contracts\PersonManagement.Contracts.csproj", "{2AC3FF76-3FE3-482B-8820-B179E822DCBD}"
EndProject
Global
	GlobalSection(SolutionConfigurationPlatforms) = preSolution
		Debug|Any CPU = Debug|Any CPU
		Release|Any CPU = Release|Any CPU
	EndGlobalSection
	GlobalSection(ProjectConfigurationPlatforms) = postSolution
		{0BDEE55A-1F19-4BAB-806E-FF55248D4083}.Debug|Any CPU.ActiveCfg = Debug|Any CPU
		{0BDEE55A-1F19-4BAB-806E-FF55248D4083}.Debug|Any CPU.Build.0 = Debug|Any CPU
		{0BDEE55A-1F19-4BAB-806E-FF55248D4083}.Release|Any CPU.ActiveCfg = Release|Any CPU
		{0BDEE55A-1F19-4BAB-806E-FF55248D4083}.Release|Any CPU.Build.0 = Release|Any CPU
		{8F04467D-8A9E-4B14-A7DE-471A5700B47D}.Debug|Any CPU.ActiveCfg = Debug|Any CPU
		{8F04467D-8A9E-4B14-A7DE-471A5700B47D}.Debug|Any CPU.Build.0 = Debug|Any CPU
		{8F04467D-8A9E-4B14-A7DE-471A5700B47D}.Release|Any CPU.ActiveCfg = Release|Any CPU
		{8F04467D-8A9E-4B14-A7DE-471A5700B47D}.Release|Any CPU.Build.0 = Release|Any CPU
		{753B756B-E99C-4136-8EA9-1B7BB11133C0}.Debug|Any CPU.ActiveCfg = Debug|Any CPU
		{753B756B-E99C-4136-8EA9-1B7BB11133C0}.Debug|Any CPU.Build.0 = Debug|Any CPU
		{753B756B-E99C-4136-8EA9-1B7BB11133C0}.Release|Any CPU.ActiveCfg = Release|Any CPU
		{753B756B-E99C-4136-8EA9-1B7BB11133C0}.Release|Any CPU.Build.0 = Release|Any CPU
		{4A7FC348-AB6E-47AE-B585-59B2729E7BB3}.Debug|Any CPU.ActiveCfg = Debug|Any CPU
		{4A7FC348-AB6E-47AE-B585-59B2729E7BB3}.Debug|Any CPU.Build.0 = Debug|Any CPU
		{4A7FC348-AB6E-47AE-B585-59B2729E7BB3}.Release|Any CPU.ActiveCfg = Release|Any CPU
		{4A7FC348-AB6E-47AE-B585-59B2729E7BB3}.Release|Any CPU.Build.0 = Release|Any CPU
		{4B65211D-B307-4403-BBB2-874C266EFEE9}.Debug|Any CPU.ActiveCfg = Debug|Any CPU
		{4B65211D-B307-4403-BBB2-874C266EFEE9}.Debug|Any CPU.Build.0 = Debug|Any CPU
		{4B65211D-B307-4403-BBB2-874C266EFEE9}.Release|Any CPU.ActiveCfg = Release|Any CPU
		{4B65211D-B307-4403-BBB2-874C266EFEE9}.Release|Any CPU.Build.0 = Release|Any CPU
		{4AF83656-7B82-4AF6-9276-7E795C923E5A}.Debug|Any CPU.ActiveCfg = Debug|Any CPU
		{4AF83656-7B82-4AF6-9276-7E795C923E5A}.Debug|Any CPU.Build.0 = Debug|Any CPU
		{4AF83656-7B82-4AF6-9276-7E795C923E5A}.Release|Any CPU.ActiveCfg = Release|Any CPU
		{4AF83656-7B82-4AF6-9276-7E795C923E5A}.Release|Any CPU.Build.0 = Release|Any CPU
		{E9EAD53A-2537-46BC-8192-403E2101DA62}.Debug|Any CPU.ActiveCfg = Debug|Any CPU
		{E9EAD53A-2537-46BC-8192-403E2101DA62}.Debug|Any CPU.Build.0 = Debug|Any CPU
		{E9EAD53A-2537-46BC-8192-403E2101DA62}.Release|Any CPU.ActiveCfg = Release|Any CPU
		{E9EAD53A-2537-46BC-8192-403E2101DA62}.Release|Any CPU.Build.0 = Release|Any CPU
		{EDFC7943-E3D0-4F43-845E-4913BEC1A65A}.Debug|Any CPU.ActiveCfg = Debug|Any CPU
		{EDFC7943-E3D0-4F43-845E-4913BEC1A65A}.Debug|Any CPU.Build.0 = Debug|Any CPU
		{EDFC7943-E3D0-4F43-845E-4913BEC1A65A}.Release|Any CPU.ActiveCfg = Release|Any CPU
		{EDFC7943-E3D0-4F43-845E-4913BEC1A65A}.Release|Any CPU.Build.0 = Release|Any CPU
		{03F06791-5A9E-4971-B05F-A27212C22DBB}.Debug|Any CPU.ActiveCfg = Debug|Any CPU
		{03F06791-5A9E-4971-B05F-A27212C22DBB}.Debug|Any CPU.Build.0 = Debug|Any CPU
		{03F06791-5A9E-4971-B05F-A27212C22DBB}.Release|Any CPU.ActiveCfg = Release|Any CPU
		{03F06791-5A9E-4971-B05F-A27212C22DBB}.Release|Any CPU.Build.0 = Release|Any CPU
		{2AC3FF76-3FE3-482B-8820-B179E822DCBD}.Debug|Any CPU.ActiveCfg = Debug|Any CPU
		{2AC3FF76-3FE3-482B-8820-B179E822DCBD}.Debug|Any CPU.Build.0 = Debug|Any CPU
		{2AC3FF76-3FE3-482B-8820-B179E822DCBD}.Release|Any CPU.ActiveCfg = Release|Any CPU
		{2AC3FF76-3FE3-482B-8820-B179E822DCBD}.Release|Any CPU.Build.0 = Release|Any CPU
	EndGlobalSection
	GlobalSection(SolutionProperties) = preSolution
		HideSolutionNode = FALSE
	EndGlobalSection
	GlobalSection(NestedProjects) = preSolution
		{0BDEE55A-1F19-4BAB-806E-FF55248D4083} = {B26233FF-E6BD-45B4-ACF5-A7AAD776FE0E}
		{8F04467D-8A9E-4B14-A7DE-471A5700B47D} = {6C3B0F7A-8482-4232-B489-1D955AE4C7BE}
		{753B756B-E99C-4136-8EA9-1B7BB11133C0} = {9A5E4B25-99C6-4A2B-97BD-0F9A60A79F7E}
		{4A7FC348-AB6E-47AE-B585-59B2729E7BB3} = {9A5E4B25-99C6-4A2B-97BD-0F9A60A79F7E}
		{4B65211D-B307-4403-BBB2-874C266EFEE9} = {55D2F8ED-6A21-4C18-8B1C-F1E758A4D1F3}
		{4AF83656-7B82-4AF6-9276-7E795C923E5A} = {18AEED48-D7FC-4A59-9CB6-77CAA6E51360}
		{E9EAD53A-2537-46BC-8192-403E2101DA62} = {B26233FF-E6BD-45B4-ACF5-A7AAD776FE0E}
		{EDFC7943-E3D0-4F43-845E-4913BEC1A65A} = {9A5E4B25-99C6-4A2B-97BD-0F9A60A79F7E}
		{03F06791-5A9E-4971-B05F-A27212C22DBB} = {9A5E4B25-99C6-4A2B-97BD-0F9A60A79F7E}
		{2AC3FF76-3FE3-482B-8820-B179E822DCBD} = {55D2F8ED-6A21-4C18-8B1C-F1E758A4D1F3}
	EndGlobalSection
EndGlobal
