
Microsoft Visual Studio Solution File, Format Version 12.00
# Visual Studio Version 17
VisualStudioVersion = 17.12.35527.113 d17.12
MinimumVisualStudioVersion = 10.0.40219.1
Project("{FAE04EC0-301F-11D3-BF4B-00C04F79EFBC}") = "ConsoleClient", "ConsoleClient\ConsoleClient.csproj", "{0BDEE55A-1F19-4BAB-806E-FF55248D4083}"
EndProject
Project("{2150E333-8FDC-42A3-9474-1A3956D46DE8}") = "Solution Items", "Solution Items", "{033FFF82-72B3-4D5C-B758-C1815B0AA0B6}"
	ProjectSection(SolutionItems) = preProject
		Zollner_WSAug25.ndproj = Zollner_WSAug25.ndproj
	EndProjectSection
EndProject
Global
	GlobalSection(SolutionConfigurationPlatforms) = preSolution
		Debug|Any CPU = Debug|Any CPU
		Release|Any CPU = Release|Any CPU
	EndGlobalSection
	GlobalSection(ProjectConfigurationPlatforms) = postSolution
		{0BDEE55A-1F19-4BAB-806E-FF55248D4083}.Debug|Any CPU.ActiveCfg = Debug|Any CPU
		{0BDEE55A-1F19-4BAB-806E-FF55248D4083}.Debug|Any CPU.Build.0 = Debug|Any CPU
		{0BDEE55A-1F19-4BAB-806E-FF55248D4083}.Release|Any CPU.ActiveCfg = Release|Any CPU
		{0BDEE55A-1F19-4BAB-806E-FF55248D4083}.Release|Any CPU.Build.0 = Release|Any CPU
	EndGlobalSection
	GlobalSection(SolutionProperties) = preSolution
		HideSolutionNode = FALSE
	EndGlobalSection
EndGlobal
